
Microsoft Visual Studio Solution File, Format Version 12.00
# Visual Studio Version 17
VisualStudioVersion = 17.1.32421.90
MinimumVisualStudioVersion = 10.0.40219.1
Project("{FAE04EC0-301F-11D3-BF4B-00C04F79EFBC}") = "RestWithASPNETUdemy", "RestWithASPNETUdemy\RestWithASPNETUdemy.csproj", "{DC4F3C90-782E-4F33-82A9-800509DC1362}"
EndProject
Global
	GlobalSection(SolutionConfigurationPlatforms) = preSolution
		Debug|Any CPU = Debug|Any CPU
		Release|Any CPU = Release|Any CPU
	EndGlobalSection
	GlobalSection(ProjectConfigurationPlatforms) = postSolution
		{DC4F3C90-782E-4F33-82A9-800509DC1362}.Debug|Any CPU.ActiveCfg = Debug|Any CPU
		{DC4F3C90-782E-4F33-82A9-800509DC1362}.Debug|Any CPU.Build.0 = Debug|Any CPU
		{DC4F3C90-782E-4F33-82A9-800509DC1362}.Release|Any CPU.ActiveCfg = Release|Any CPU
		{DC4F3C90-782E-4F33-82A9-800509DC1362}.Release|Any CPU.Build.0 = Release|Any CPU
	EndGlobalSection
	GlobalSection(SolutionProperties) = preSolution
		HideSolutionNode = FALSE
	EndGlobalSection
	GlobalSection(ExtensibilityGlobals) = postSolution
		SolutionGuid = {7D87C29D-3B8A-4377-AFC9-C06D7440938D}
	EndGlobalSection
EndGlobal
